{
  "nodes": {
    "nixpkgs": {
      "locked": {
        "lastModified": 1700403855,
        "narHash": "sha256-Q0Uzjik9kUTN9pd/kp52XJi5kletBhy29ctBlAG+III=",
        "owner": "NixOS",
        "repo": "nixpkgs",
        "rev": "0c5678df521e1407884205fe3ce3cf1d7df297db",
        "type": "github"
      },
      "original": {
        "owner": "NixOS",
        "ref": "nixos-23.05",
        "repo": "nixpkgs",
        "type": "github"
      }
    },
    "nixunstable": {
      "locked": {
        "lastModified": 1700390070,
        "narHash": "sha256-de9KYi8rSJpqvBfNwscWdalIJXPo8NjdIZcEJum1mH0=",
        "owner": "NixOS",
        "repo": "nixpkgs",
        "rev": "e4ad989506ec7d71f7302cc3067abd82730a4beb",
        "type": "github"
      },
      "original": {
        "owner": "NixOS",
        "ref": "nixos-unstable",
        "repo": "nixpkgs",
        "type": "github"
      }
    },
    "root": {
      "inputs": {
        "nixpkgs": "nixpkgs",
        "nixunstable": "nixunstable"
      }
    }
  },
  "root": "root",
  "version": 7
}
