{
  "nodes": {
    "avafonts": {
      "inputs": {
        "nixpkgs": "nixpkgs"
      },
      "locked": {
        "lastModified": 1693069435,
        "narHash": "sha256-IIUsLcD6tdR2BxF2q1wzTR4DpJj8QZvm8qGj76b/QmQ=",
        "owner": "alexvanaxe107",
        "repo": "fonts",
        "rev": "9a3f4776492c5390bcb604a472ece3415f3a3e48",
        "type": "github"
      },
      "original": {
        "owner": "alexvanaxe107",
        "ref": "master",
        "repo": "fonts",
        "type": "github"
      }
    },
    "nixpkgs": {
      "locked": {
        "lastModified": 1692698134,
        "narHash": "sha256-YtMmZWR/dlTypOcwiZfZTMPr3tj9fwr05QTStfSyDSg=",
        "path": "/nix/store/jzj4v4cm2z5l40bi7pi36fv1vf6i68d3-source",
        "rev": "a16f7eb56e88c8985fcc6eb81dabd6cade4e425a",
        "type": "path"
      },
      "original": {
        "id": "nixpkgs",
        "type": "indirect"
      }
    },
    "nixpkgs_2": {
      "locked": {
        "lastModified": 1692986144,
        "narHash": "sha256-M4VFpy7Av9j+33HF5nIGm0k2+DXXW4qSSKdidIKg5jY=",
        "owner": "NixOS",
        "repo": "nixpkgs",
        "rev": "74e5bdc5478ebbe7ba5849f0d765f92757bb9dbf",
        "type": "github"
      },
      "original": {
        "owner": "NixOS",
        "ref": "nixos-23.05",
        "repo": "nixpkgs",
        "type": "github"
      }
    },
    "nixunstable": {
      "locked": {
        "lastModified": 1693003285,
        "narHash": "sha256-5nm4yrEHKupjn62MibENtfqlP6pWcRTuSKrMiH9bLkc=",
        "owner": "NixOS",
        "repo": "nixpkgs",
        "rev": "5690c4271f2998c304a45c91a0aeb8fb69feaea7",
        "type": "github"
      },
      "original": {
        "owner": "NixOS",
        "ref": "nixos-unstable",
        "repo": "nixpkgs",
        "type": "github"
      }
    },
    "root": {
      "inputs": {
        "avafonts": "avafonts",
        "nixpkgs": "nixpkgs_2",
        "nixunstable": "nixunstable"
      }
    }
  },
  "root": "root",
  "version": 7
}
